
Microsoft Visual Studio Solution File, Format Version 12.00
# Visual Studio Version 17
VisualStudioVersion = 17.0.31903.59
MinimumVisualStudioVersion = 10.0.40219.1
Project("{2150E333-8FDC-42A3-9474-1A3956D46DE8}") = "src", "src", "{827E0CD3-B72D-47B6-A68D-7590B98EB39B}"
EndProject
Project("{FAE04EC0-301F-11D3-BF4B-00C04F79EFBC}") = "AxClaude.Core", "src\AxClaude.Core\AxClaude.Core.csproj", "{8B3C1E22-4BF8-43A5-B47A-EC2BA967FDC0}"
EndProject
Project("{FAE04EC0-301F-11D3-BF4B-00C04F79EFBC}") = "AxClaude", "src\AxClaude\AxClaude.csproj", "{542A659B-F228-4D3A-9727-74B018AE3B5F}"
EndProject
Project("{2150E333-8FDC-42A3-9474-1A3956D46DE8}") = "tests", "tests", "{0AB3BF05-4346-4AA6-1389-037BE0695223}"
EndProject
Project("{FAE04EC0-301F-11D3-BF4B-00C04F79EFBC}") = "AxClaude.Tests", "tests\AxClaude.Tests\AxClaude.Tests.csproj", "{EE0521F6-B5FF-44AB-9395-9A16EC47D293}"
EndProject
Project("{2150E333-8FDC-42A3-9474-1A3956D46DE8}") = "tools", "tools", "{07C2787E-EAC7-C090-1BA3-A61EC2A24D84}"
EndProject
Project("{FAE04EC0-301F-11D3-BF4B-00C04F79EFBC}") = "PtyCapture", "tools\PtyCapture\PtyCapture.csproj", "{6F15E30E-C3A2-4B00-BEBE-B36AA3A77362}"
EndProject
Project("{FAE04EC0-301F-11D3-BF4B-00C04F79EFBC}") = "Axit", "src\Axit\Axit.csproj", "{0CD19D3D-E174-4BE6-B0A3-0ED9839E6F65}"
EndProject
Project("{FAE04EC0-301F-11D3-BF4B-00C04F79EFBC}") = "Axit.Core", "src\Axit.Core\Axit.Core.csproj", "{B9759A9C-8439-4AF7-A536-7BBA092DBB7E}"
EndProject
Project("{FAE04EC0-301F-11D3-BF4B-00C04F79EFBC}") = "Axit.Tests", "tests\Axit.Tests\Axit.Tests.csproj", "{6C9BC24C-4E02-45C9-BFA1-76BCF6FBED3C}"
EndProject
Project("{FAE04EC0-301F-11D3-BF4B-00C04F79EFBC}") = "AxDown.Core", "src\AxDown.Core\AxDown.Core.csproj", "{CC9D3AB9-A7BA-4233-A012-4353AB7DC85D}"
EndProject
Project("{FAE04EC0-301F-11D3-BF4B-00C04F79EFBC}") = "AxDown.Tests", "tests\AxDown.Tests\AxDown.Tests.csproj", "{6D346625-4B5B-4F7B-97D2-809B9BD21D6E}"
EndProject
Project("{FAE04EC0-301F-11D3-BF4B-00C04F79EFBC}") = "Axit.Forms", "src\Axit.Forms\Axit.Forms.csproj", "{7E5BA3AB-080D-4D02-A62A-7F9C8750B3FE}"
EndProject
Project("{FAE04EC0-301F-11D3-BF4B-00C04F79EFBC}") = "AxDown", "src\AxDown\AxDown.csproj", "{AFDC3DF1-B8D4-42F1-A2DA-13069FBB9EA6}"
EndProject
Global
	GlobalSection(SolutionConfigurationPlatforms) = preSolution
		Debug|Any CPU = Debug|Any CPU
		Debug|x64 = Debug|x64
		Debug|x86 = Debug|x86
		Release|Any CPU = Release|Any CPU
		Release|x64 = Release|x64
		Release|x86 = Release|x86
	EndGlobalSection
	GlobalSection(ProjectConfigurationPlatforms) = postSolution
		{8B3C1E22-4BF8-43A5-B47A-EC2BA967FDC0}.Debug|Any CPU.ActiveCfg = Debug|Any CPU
		{8B3C1E22-4BF8-43A5-B47A-EC2BA967FDC0}.Debug|Any CPU.Build.0 = Debug|Any CPU
		{8B3C1E22-4BF8-43A5-B47A-EC2BA967FDC0}.Debug|x64.ActiveCfg = Debug|Any CPU
		{8B3C1E22-4BF8-43A5-B47A-EC2BA967FDC0}.Debug|x64.Build.0 = Debug|Any CPU
		{8B3C1E22-4BF8-43A5-B47A-EC2BA967FDC0}.Debug|x86.ActiveCfg = Debug|Any CPU
		{8B3C1E22-4BF8-43A5-B47A-EC2BA967FDC0}.Debug|x86.Build.0 = Debug|Any CPU
		{8B3C1E22-4BF8-43A5-B47A-EC2BA967FDC0}.Release|Any CPU.ActiveCfg = Release|Any CPU
		{8B3C1E22-4BF8-43A5-B47A-EC2BA967FDC0}.Release|Any CPU.Build.0 = Release|Any CPU
		{8B3C1E22-4BF8-43A5-B47A-EC2BA967FDC0}.Release|x64.ActiveCfg = Release|Any CPU
		{8B3C1E22-4BF8-43A5-B47A-EC2BA967FDC0}.Release|x64.Build.0 = Release|Any CPU
		{8B3C1E22-4BF8-43A5-B47A-EC2BA967FDC0}.Release|x86.ActiveCfg = Release|Any CPU
		{8B3C1E22-4BF8-43A5-B47A-EC2BA967FDC0}.Release|x86.Build.0 = Release|Any CPU
		{542A659B-F228-4D3A-9727-74B018AE3B5F}.Debug|Any CPU.ActiveCfg = Debug|Any CPU
		{542A659B-F228-4D3A-9727-74B018AE3B5F}.Debug|Any CPU.Build.0 = Debug|Any CPU
		{542A659B-F228-4D3A-9727-74B018AE3B5F}.Debug|x64.ActiveCfg = Debug|Any CPU
		{542A659B-F228-4D3A-9727-74B018AE3B5F}.Debug|x64.Build.0 = Debug|Any CPU
		{542A659B-F228-4D3A-9727-74B018AE3B5F}.Debug|x86.ActiveCfg = Debug|Any CPU
		{542A659B-F228-4D3A-9727-74B018AE3B5F}.Debug|x86.Build.0 = Debug|Any CPU
		{542A659B-F228-4D3A-9727-74B018AE3B5F}.Release|Any CPU.ActiveCfg = Release|Any CPU
		{542A659B-F228-4D3A-9727-74B018AE3B5F}.Release|Any CPU.Build.0 = Release|Any CPU
		{542A659B-F228-4D3A-9727-74B018AE3B5F}.Release|x64.ActiveCfg = Release|Any CPU
		{542A659B-F228-4D3A-9727-74B018AE3B5F}.Release|x64.Build.0 = Release|Any CPU
		{542A659B-F228-4D3A-9727-74B018AE3B5F}.Release|x86.ActiveCfg = Release|Any CPU
		{542A659B-F228-4D3A-9727-74B018AE3B5F}.Release|x86.Build.0 = Release|Any CPU
		{EE0521F6-B5FF-44AB-9395-9A16EC47D293}.Debug|Any CPU.ActiveCfg = Debug|Any CPU
		{EE0521F6-B5FF-44AB-9395-9A16EC47D293}.Debug|Any CPU.Build.0 = Debug|Any CPU
		{EE0521F6-B5FF-44AB-9395-9A16EC47D293}.Debug|x64.ActiveCfg = Debug|Any CPU
		{EE0521F6-B5FF-44AB-9395-9A16EC47D293}.Debug|x64.Build.0 = Debug|Any CPU
		{EE0521F6-B5FF-44AB-9395-9A16EC47D293}.Debug|x86.ActiveCfg = Debug|Any CPU
		{EE0521F6-B5FF-44AB-9395-9A16EC47D293}.Debug|x86.Build.0 = Debug|Any CPU
		{EE0521F6-B5FF-44AB-9395-9A16EC47D293}.Release|Any CPU.ActiveCfg = Release|Any CPU
		{EE0521F6-B5FF-44AB-9395-9A16EC47D293}.Release|Any CPU.Build.0 = Release|Any CPU
		{EE0521F6-B5FF-44AB-9395-9A16EC47D293}.Release|x64.ActiveCfg = Release|Any CPU
		{EE0521F6-B5FF-44AB-9395-9A16EC47D293}.Release|x64.Build.0 = Release|Any CPU
		{EE0521F6-B5FF-44AB-9395-9A16EC47D293}.Release|x86.ActiveCfg = Release|Any CPU
		{EE0521F6-B5FF-44AB-9395-9A16EC47D293}.Release|x86.Build.0 = Release|Any CPU
		{6F15E30E-C3A2-4B00-BEBE-B36AA3A77362}.Debug|Any CPU.ActiveCfg = Debug|Any CPU
		{6F15E30E-C3A2-4B00-BEBE-B36AA3A77362}.Debug|Any CPU.Build.0 = Debug|Any CPU
		{6F15E30E-C3A2-4B00-BEBE-B36AA3A77362}.Debug|x64.ActiveCfg = Debug|Any CPU
		{6F15E30E-C3A2-4B00-BEBE-B36AA3A77362}.Debug|x64.Build.0 = Debug|Any CPU
		{6F15E30E-C3A2-4B00-BEBE-B36AA3A77362}.Debug|x86.ActiveCfg = Debug|Any CPU
		{6F15E30E-C3A2-4B00-BEBE-B36AA3A77362}.Debug|x86.Build.0 = Debug|Any CPU
		{6F15E30E-C3A2-4B00-BEBE-B36AA3A77362}.Release|Any CPU.ActiveCfg = Release|Any CPU
		{6F15E30E-C3A2-4B00-BEBE-B36AA3A77362}.Release|Any CPU.Build.0 = Release|Any CPU
		{6F15E30E-C3A2-4B00-BEBE-B36AA3A77362}.Release|x64.ActiveCfg = Release|Any CPU
		{6F15E30E-C3A2-4B00-BEBE-B36AA3A77362}.Release|x64.Build.0 = Release|Any CPU
		{6F15E30E-C3A2-4B00-BEBE-B36AA3A77362}.Release|x86.ActiveCfg = Release|Any CPU
		{6F15E30E-C3A2-4B00-BEBE-B36AA3A77362}.Release|x86.Build.0 = Release|Any CPU
		{0CD19D3D-E174-4BE6-B0A3-0ED9839E6F65}.Debug|Any CPU.ActiveCfg = Debug|Any CPU
		{0CD19D3D-E174-4BE6-B0A3-0ED9839E6F65}.Debug|Any CPU.Build.0 = Debug|Any CPU
		{0CD19D3D-E174-4BE6-B0A3-0ED9839E6F65}.Debug|x64.ActiveCfg = Debug|Any CPU
		{0CD19D3D-E174-4BE6-B0A3-0ED9839E6F65}.Debug|x64.Build.0 = Debug|Any CPU
		{0CD19D3D-E174-4BE6-B0A3-0ED9839E6F65}.Debug|x86.ActiveCfg = Debug|Any CPU
		{0CD19D3D-E174-4BE6-B0A3-0ED9839E6F65}.Debug|x86.Build.0 = Debug|Any CPU
		{0CD19D3D-E174-4BE6-B0A3-0ED9839E6F65}.Release|Any CPU.ActiveCfg = Release|Any CPU
		{0CD19D3D-E174-4BE6-B0A3-0ED9839E6F65}.Release|Any CPU.Build.0 = Release|Any CPU
		{0CD19D3D-E174-4BE6-B0A3-0ED9839E6F65}.Release|x64.ActiveCfg = Release|Any CPU
		{0CD19D3D-E174-4BE6-B0A3-0ED9839E6F65}.Release|x64.Build.0 = Release|Any CPU
		{0CD19D3D-E174-4BE6-B0A3-0ED9839E6F65}.Release|x86.ActiveCfg = Release|Any CPU
		{0CD19D3D-E174-4BE6-B0A3-0ED9839E6F65}.Release|x86.Build.0 = Release|Any CPU
		{B9759A9C-8439-4AF7-A536-7BBA092DBB7E}.Debug|Any CPU.ActiveCfg = Debug|Any CPU
		{B9759A9C-8439-4AF7-A536-7BBA092DBB7E}.Debug|Any CPU.Build.0 = Debug|Any CPU
		{B9759A9C-8439-4AF7-A536-7BBA092DBB7E}.Debug|x64.ActiveCfg = Debug|Any CPU
		{B9759A9C-8439-4AF7-A536-7BBA092DBB7E}.Debug|x64.Build.0 = Debug|Any CPU
		{B9759A9C-8439-4AF7-A536-7BBA092DBB7E}.Debug|x86.ActiveCfg = Debug|Any CPU
		{B9759A9C-8439-4AF7-A536-7BBA092DBB7E}.Debug|x86.Build.0 = Debug|Any CPU
		{B9759A9C-8439-4AF7-A536-7BBA092DBB7E}.Release|Any CPU.ActiveCfg = Release|Any CPU
		{B9759A9C-8439-4AF7-A536-7BBA092DBB7E}.Release|Any CPU.Build.0 = Release|Any CPU
		{B9759A9C-8439-4AF7-A536-7BBA092DBB7E}.Release|x64.ActiveCfg = Release|Any CPU
		{B9759A9C-8439-4AF7-A536-7BBA092DBB7E}.Release|x64.Build.0 = Release|Any CPU
		{B9759A9C-8439-4AF7-A536-7BBA092DBB7E}.Release|x86.ActiveCfg = Release|Any CPU
		{B9759A9C-8439-4AF7-A536-7BBA092DBB7E}.Release|x86.Build.0 = Release|Any CPU
		{6C9BC24C-4E02-45C9-BFA1-76BCF6FBED3C}.Debug|Any CPU.ActiveCfg = Debug|Any CPU
		{6C9BC24C-4E02-45C9-BFA1-76BCF6FBED3C}.Debug|Any CPU.Build.0 = Debug|Any CPU
		{6C9BC24C-4E02-45C9-BFA1-76BCF6FBED3C}.Debug|x64.ActiveCfg = Debug|Any CPU
		{6C9BC24C-4E02-45C9-BFA1-76BCF6FBED3C}.Debug|x64.Build.0 = Debug|Any CPU
		{6C9BC24C-4E02-45C9-BFA1-76BCF6FBED3C}.Debug|x86.ActiveCfg = Debug|Any CPU
		{6C9BC24C-4E02-45C9-BFA1-76BCF6FBED3C}.Debug|x86.Build.0 = Debug|Any CPU
		{6C9BC24C-4E02-45C9-BFA1-76BCF6FBED3C}.Release|Any CPU.ActiveCfg = Release|Any CPU
		{6C9BC24C-4E02-45C9-BFA1-76BCF6FBED3C}.Release|Any CPU.Build.0 = Release|Any CPU
		{6C9BC24C-4E02-45C9-BFA1-76BCF6FBED3C}.Release|x64.ActiveCfg = Release|Any CPU
		{6C9BC24C-4E02-45C9-BFA1-76BCF6FBED3C}.Release|x64.Build.0 = Release|Any CPU
		{6C9BC24C-4E02-45C9-BFA1-76BCF6FBED3C}.Release|x86.ActiveCfg = Release|Any CPU
		{6C9BC24C-4E02-45C9-BFA1-76BCF6FBED3C}.Release|x86.Build.0 = Release|Any CPU
		{CC9D3AB9-A7BA-4233-A012-4353AB7DC85D}.Debug|Any CPU.ActiveCfg = Debug|Any CPU
		{CC9D3AB9-A7BA-4233-A012-4353AB7DC85D}.Debug|Any CPU.Build.0 = Debug|Any CPU
		{CC9D3AB9-A7BA-4233-A012-4353AB7DC85D}.Debug|x64.ActiveCfg = Debug|Any CPU
		{CC9D3AB9-A7BA-4233-A012-4353AB7DC85D}.Debug|x64.Build.0 = Debug|Any CPU
		{CC9D3AB9-A7BA-4233-A012-4353AB7DC85D}.Debug|x86.ActiveCfg = Debug|Any CPU
		{CC9D3AB9-A7BA-4233-A012-4353AB7DC85D}.Debug|x86.Build.0 = Debug|Any CPU
		{CC9D3AB9-A7BA-4233-A012-4353AB7DC85D}.Release|Any CPU.ActiveCfg = Release|Any CPU
		{CC9D3AB9-A7BA-4233-A012-4353AB7DC85D}.Release|Any CPU.Build.0 = Release|Any CPU
		{CC9D3AB9-A7BA-4233-A012-4353AB7DC85D}.Release|x64.ActiveCfg = Release|Any CPU
		{CC9D3AB9-A7BA-4233-A012-4353AB7DC85D}.Release|x64.Build.0 = Release|Any CPU
		{CC9D3AB9-A7BA-4233-A012-4353AB7DC85D}.Release|x86.ActiveCfg = Release|Any CPU
		{CC9D3AB9-A7BA-4233-A012-4353AB7DC85D}.Release|x86.Build.0 = Release|Any CPU
		{6D346625-4B5B-4F7B-97D2-809B9BD21D6E}.Debug|Any CPU.ActiveCfg = Debug|Any CPU
		{6D346625-4B5B-4F7B-97D2-809B9BD21D6E}.Debug|Any CPU.Build.0 = Debug|Any CPU
		{6D346625-4B5B-4F7B-97D2-809B9BD21D6E}.Debug|x64.ActiveCfg = Debug|Any CPU
		{6D346625-4B5B-4F7B-97D2-809B9BD21D6E}.Debug|x64.Build.0 = Debug|Any CPU
		{6D346625-4B5B-4F7B-97D2-809B9BD21D6E}.Debug|x86.ActiveCfg = Debug|Any CPU
		{6D346625-4B5B-4F7B-97D2-809B9BD21D6E}.Debug|x86.Build.0 = Debug|Any CPU
		{6D346625-4B5B-4F7B-97D2-809B9BD21D6E}.Release|Any CPU.ActiveCfg = Release|Any CPU
		{6D346625-4B5B-4F7B-97D2-809B9BD21D6E}.Release|Any CPU.Build.0 = Release|Any CPU
		{6D346625-4B5B-4F7B-97D2-809B9BD21D6E}.Release|x64.ActiveCfg = Release|Any CPU
		{6D346625-4B5B-4F7B-97D2-809B9BD21D6E}.Release|x64.Build.0 = Release|Any CPU
		{6D346625-4B5B-4F7B-97D2-809B9BD21D6E}.Release|x86.ActiveCfg = Release|Any CPU
		{6D346625-4B5B-4F7B-97D2-809B9BD21D6E}.Release|x86.Build.0 = Release|Any CPU
		{7E5BA3AB-080D-4D02-A62A-7F9C8750B3FE}.Debug|Any CPU.ActiveCfg = Debug|Any CPU
		{7E5BA3AB-080D-4D02-A62A-7F9C8750B3FE}.Debug|Any CPU.Build.0 = Debug|Any CPU
		{7E5BA3AB-080D-4D02-A62A-7F9C8750B3FE}.Debug|x64.ActiveCfg = Debug|Any CPU
		{7E5BA3AB-080D-4D02-A62A-7F9C8750B3FE}.Debug|x64.Build.0 = Debug|Any CPU
		{7E5BA3AB-080D-4D02-A62A-7F9C8750B3FE}.Debug|x86.ActiveCfg = Debug|Any CPU
		{7E5BA3AB-080D-4D02-A62A-7F9C8750B3FE}.Debug|x86.Build.0 = Debug|Any CPU
		{7E5BA3AB-080D-4D02-A62A-7F9C8750B3FE}.Release|Any CPU.ActiveCfg = Release|Any CPU
		{7E5BA3AB-080D-4D02-A62A-7F9C8750B3FE}.Release|Any CPU.Build.0 = Release|Any CPU
		{7E5BA3AB-080D-4D02-A62A-7F9C8750B3FE}.Release|x64.ActiveCfg = Release|Any CPU
		{7E5BA3AB-080D-4D02-A62A-7F9C8750B3FE}.Release|x64.Build.0 = Release|Any CPU
		{7E5BA3AB-080D-4D02-A62A-7F9C8750B3FE}.Release|x86.ActiveCfg = Release|Any CPU
		{7E5BA3AB-080D-4D02-A62A-7F9C8750B3FE}.Release|x86.Build.0 = Release|Any CPU
		{AFDC3DF1-B8D4-42F1-A2DA-13069FBB9EA6}.Debug|Any CPU.ActiveCfg = Debug|Any CPU
		{AFDC3DF1-B8D4-42F1-A2DA-13069FBB9EA6}.Debug|Any CPU.Build.0 = Debug|Any CPU
		{AFDC3DF1-B8D4-42F1-A2DA-13069FBB9EA6}.Debug|x64.ActiveCfg = Debug|Any CPU
		{AFDC3DF1-B8D4-42F1-A2DA-13069FBB9EA6}.Debug|x64.Build.0 = Debug|Any CPU
		{AFDC3DF1-B8D4-42F1-A2DA-13069FBB9EA6}.Debug|x86.ActiveCfg = Debug|Any CPU
		{AFDC3DF1-B8D4-42F1-A2DA-13069FBB9EA6}.Debug|x86.Build.0 = Debug|Any CPU
		{AFDC3DF1-B8D4-42F1-A2DA-13069FBB9EA6}.Release|Any CPU.ActiveCfg = Release|Any CPU
		{AFDC3DF1-B8D4-42F1-A2DA-13069FBB9EA6}.Release|Any CPU.Build.0 = Release|Any CPU
		{AFDC3DF1-B8D4-42F1-A2DA-13069FBB9EA6}.Release|x64.ActiveCfg = Release|Any CPU
		{AFDC3DF1-B8D4-42F1-A2DA-13069FBB9EA6}.Release|x64.Build.0 = Release|Any CPU
		{AFDC3DF1-B8D4-42F1-A2DA-13069FBB9EA6}.Release|x86.ActiveCfg = Release|Any CPU
		{AFDC3DF1-B8D4-42F1-A2DA-13069FBB9EA6}.Release|x86.Build.0 = Release|Any CPU
	EndGlobalSection
	GlobalSection(SolutionProperties) = preSolution
		HideSolutionNode = FALSE
	EndGlobalSection
	GlobalSection(NestedProjects) = preSolution
		{8B3C1E22-4BF8-43A5-B47A-EC2BA967FDC0} = {827E0CD3-B72D-47B6-A68D-7590B98EB39B}
		{542A659B-F228-4D3A-9727-74B018AE3B5F} = {827E0CD3-B72D-47B6-A68D-7590B98EB39B}
		{EE0521F6-B5FF-44AB-9395-9A16EC47D293} = {0AB3BF05-4346-4AA6-1389-037BE0695223}
		{6F15E30E-C3A2-4B00-BEBE-B36AA3A77362} = {07C2787E-EAC7-C090-1BA3-A61EC2A24D84}
		{0CD19D3D-E174-4BE6-B0A3-0ED9839E6F65} = {827E0CD3-B72D-47B6-A68D-7590B98EB39B}
		{B9759A9C-8439-4AF7-A536-7BBA092DBB7E} = {827E0CD3-B72D-47B6-A68D-7590B98EB39B}
		{6C9BC24C-4E02-45C9-BFA1-76BCF6FBED3C} = {0AB3BF05-4346-4AA6-1389-037BE0695223}
		{CC9D3AB9-A7BA-4233-A012-4353AB7DC85D} = {827E0CD3-B72D-47B6-A68D-7590B98EB39B}
		{6D346625-4B5B-4F7B-97D2-809B9BD21D6E} = {0AB3BF05-4346-4AA6-1389-037BE0695223}
		{7E5BA3AB-080D-4D02-A62A-7F9C8750B3FE} = {827E0CD3-B72D-47B6-A68D-7590B98EB39B}
		{AFDC3DF1-B8D4-42F1-A2DA-13069FBB9EA6} = {827E0CD3-B72D-47B6-A68D-7590B98EB39B}
	EndGlobalSection
EndGlobal
